{
  "name": "tenzah-git",
  "version": "1.0.0",
  "lockfileVersion": 1,
  "requires": true,
  "dependencies": {
    "@types/aws-lambda": {
      "version": "8.10.86",
      "resolved": "https://registry.npmjs.org/@types/aws-lambda/-/aws-lambda-8.10.86.tgz",
      "integrity": "sha512-CH7MtDqW8hAm05alc837XHvqKcrfx/kacc4EyUoyN5PoFK3D0lIfN0GK2WsV6YKU4tUsLTLAVLSyBrcFdHP9Bw==",
      "optional": true
    },
    "node-git-server": {
      "version": "0.6.1",
      "resolved": "https://registry.npmjs.org/node-git-server/-/node-git-server-0.6.1.tgz",
      "integrity": "sha512-dCWUlzD4j1p2SEp/Lm08a0YJgm9W3KFQbyZXPKmI4tY/TAPii5KT0dQmuLDbNAJFW4OJ4KrvRDdunt/D8zi9ew==",
      "requires": {
        "through": "^2.3.8"
      }
    },
    "serverless-http": {
      "version": "2.7.0",
      "resolved": "https://registry.npmjs.org/serverless-http/-/serverless-http-2.7.0.tgz",
      "integrity": "sha512-iWq0z1X2Xkuvz6wL305uCux/SypbojHlYsB5bzmF5TqoLYsdvMNIoCsgtWjwqWoo3AR2cjw3zAmHN2+U6mF99Q==",
      "requires": {
        "@types/aws-lambda": "^8.10.56"
      }
    },
    "through": {
      "version": "2.3.8",
      "resolved": "https://registry.npmjs.org/through/-/through-2.3.8.tgz",
      "integrity": "sha1-DdTJ/6q8NXlgsbckEV1+Doai4fU="
    }
  }
}
